
Microsoft Visual Studio Solution File, Format Version 12.00
# Visual Studio Version 17
VisualStudioVersion = 17.7.34024.191
MinimumVisualStudioVersion = 10.0.40219.1
Project("{FAE04EC0-301F-11D3-BF4B-00C04F79EFBC}") = "HoleTask1", "HoleTask1\HoleTask1.csproj", "{F64706DD-E8F6-4CBE-9CC6-A2910BE5AD5A}"
EndProject
Global
	GlobalSection(SolutionConfigurationPlatforms) = preSolution
		Debug|Any CPU = Debug|Any CPU
		Release|Any CPU = Release|Any CPU
	EndGlobalSection
	GlobalSection(ProjectConfigurationPlatforms) = postSolution
		{F64706DD-E8F6-4CBE-9CC6-A2910BE5AD5A}.Debug|Any CPU.ActiveCfg = Debug|Any CPU
		{F64706DD-E8F6-4CBE-9CC6-A2910BE5AD5A}.Debug|Any CPU.Build.0 = Debug|Any CPU
		{F64706DD-E8F6-4CBE-9CC6-A2910BE5AD5A}.Release|Any CPU.ActiveCfg = Release|Any CPU
		{F64706DD-E8F6-4CBE-9CC6-A2910BE5AD5A}.Release|Any CPU.Build.0 = Release|Any CPU
	EndGlobalSection
	GlobalSection(SolutionProperties) = preSolution
		HideSolutionNode = FALSE
	EndGlobalSection
	GlobalSection(ExtensibilityGlobals) = postSolution
		SolutionGuid = {D0CF2C89-3B88-43E3-A12B-70E3AFAA74FA}
	EndGlobalSection
EndGlobal
